
Microsoft Visual Studio Solution File, Format Version 12.00
# Visual Studio 15
VisualStudioVersion = 15.0.28307.329
MinimumVisualStudioVersion = 10.0.40219.1
Project("{FAE04EC0-301F-11D3-BF4B-00C04F79EFBC}") = "Task3", "Task3\Task3.csproj", "{63833BEE-C64B-4117-A111-369D08B5D76D}"
EndProject
Global
	GlobalSection(SolutionConfigurationPlatforms) = preSolution
		Debug|Any CPU = Debug|Any CPU
		Release|Any CPU = Release|Any CPU
	EndGlobalSection
	GlobalSection(ProjectConfigurationPlatforms) = postSolution
		{63833BEE-C64B-4117-A111-369D08B5D76D}.Debug|Any CPU.ActiveCfg = Debug|Any CPU
		{63833BEE-C64B-4117-A111-369D08B5D76D}.Debug|Any CPU.Build.0 = Debug|Any CPU
		{63833BEE-C64B-4117-A111-369D08B5D76D}.Release|Any CPU.ActiveCfg = Release|Any CPU
		{63833BEE-C64B-4117-A111-369D08B5D76D}.Release|Any CPU.Build.0 = Release|Any CPU
	EndGlobalSection
	GlobalSection(SolutionProperties) = preSolution
		HideSolutionNode = FALSE
	EndGlobalSection
	GlobalSection(ExtensibilityGlobals) = postSolution
		SolutionGuid = {58EE7A5B-8042-4F0F-A323-60F6FD9726DC}
	EndGlobalSection
EndGlobal
