
Microsoft Visual Studio Solution File, Format Version 12.00
# Visual Studio 15
VisualStudioVersion = 15.0.28307.329
MinimumVisualStudioVersion = 10.0.40219.1
Project("{FAE04EC0-301F-11D3-BF4B-00C04F79EFBC}") = "Task4", "Task4\Task4.csproj", "{126CB4DD-48B5-4937-A777-5A80D95AEADF}"
EndProject
Global
	GlobalSection(SolutionConfigurationPlatforms) = preSolution
		Debug|Any CPU = Debug|Any CPU
		Release|Any CPU = Release|Any CPU
	EndGlobalSection
	GlobalSection(ProjectConfigurationPlatforms) = postSolution
		{126CB4DD-48B5-4937-A777-5A80D95AEADF}.Debug|Any CPU.ActiveCfg = Debug|Any CPU
		{126CB4DD-48B5-4937-A777-5A80D95AEADF}.Debug|Any CPU.Build.0 = Debug|Any CPU
		{126CB4DD-48B5-4937-A777-5A80D95AEADF}.Release|Any CPU.ActiveCfg = Release|Any CPU
		{126CB4DD-48B5-4937-A777-5A80D95AEADF}.Release|Any CPU.Build.0 = Release|Any CPU
	EndGlobalSection
	GlobalSection(SolutionProperties) = preSolution
		HideSolutionNode = FALSE
	EndGlobalSection
	GlobalSection(ExtensibilityGlobals) = postSolution
		SolutionGuid = {D73C12E0-6841-485D-B039-DDEF4B206D46}
	EndGlobalSection
EndGlobal
