
Microsoft Visual Studio Solution File, Format Version 12.00
# Visual Studio 15
VisualStudioVersion = 15.0.28307.329
MinimumVisualStudioVersion = 10.0.40219.1
Project("{FAE04EC0-301F-11D3-BF4B-00C04F79EFBC}") = "WEEK2", "WEEK2\WEEK2.csproj", "{35F51CBD-D9E5-4A10-8026-FA3CD5DE54C7}"
EndProject
Global
	GlobalSection(SolutionConfigurationPlatforms) = preSolution
		Debug|Any CPU = Debug|Any CPU
		Release|Any CPU = Release|Any CPU
	EndGlobalSection
	GlobalSection(ProjectConfigurationPlatforms) = postSolution
		{35F51CBD-D9E5-4A10-8026-FA3CD5DE54C7}.Debug|Any CPU.ActiveCfg = Debug|Any CPU
		{35F51CBD-D9E5-4A10-8026-FA3CD5DE54C7}.Debug|Any CPU.Build.0 = Debug|Any CPU
		{35F51CBD-D9E5-4A10-8026-FA3CD5DE54C7}.Release|Any CPU.ActiveCfg = Release|Any CPU
		{35F51CBD-D9E5-4A10-8026-FA3CD5DE54C7}.Release|Any CPU.Build.0 = Release|Any CPU
	EndGlobalSection
	GlobalSection(SolutionProperties) = preSolution
		HideSolutionNode = FALSE
	EndGlobalSection
	GlobalSection(ExtensibilityGlobals) = postSolution
		SolutionGuid = {8667AE3B-28AE-4B11-AB62-39FE630D2714}
	EndGlobalSection
EndGlobal
