
Microsoft Visual Studio Solution File, Format Version 12.00
# Visual Studio 15
VisualStudioVersion = 15.0.28307.329
MinimumVisualStudioVersion = 10.0.40219.1
Project("{FAE04EC0-301F-11D3-BF4B-00C04F79EFBC}") = "Task2", "Task2\Task2.csproj", "{4C654784-B3E3-488F-BFA8-8DFD79A57C4D}"
EndProject
Global
	GlobalSection(SolutionConfigurationPlatforms) = preSolution
		Debug|Any CPU = Debug|Any CPU
		Release|Any CPU = Release|Any CPU
	EndGlobalSection
	GlobalSection(ProjectConfigurationPlatforms) = postSolution
		{4C654784-B3E3-488F-BFA8-8DFD79A57C4D}.Debug|Any CPU.ActiveCfg = Debug|Any CPU
		{4C654784-B3E3-488F-BFA8-8DFD79A57C4D}.Debug|Any CPU.Build.0 = Debug|Any CPU
		{4C654784-B3E3-488F-BFA8-8DFD79A57C4D}.Release|Any CPU.ActiveCfg = Release|Any CPU
		{4C654784-B3E3-488F-BFA8-8DFD79A57C4D}.Release|Any CPU.Build.0 = Release|Any CPU
	EndGlobalSection
	GlobalSection(SolutionProperties) = preSolution
		HideSolutionNode = FALSE
	EndGlobalSection
	GlobalSection(ExtensibilityGlobals) = postSolution
		SolutionGuid = {2A6D0329-3CEF-4DFF-8E89-08AE06D30C38}
	EndGlobalSection
EndGlobal
