
Microsoft Visual Studio Solution File, Format Version 12.00
# Visual Studio 15
VisualStudioVersion = 15.0.28307.329
MinimumVisualStudioVersion = 10.0.40219.1
Project("{FAE04EC0-301F-11D3-BF4B-00C04F79EFBC}") = "Snake", "Snake\Snake.csproj", "{3EB6CC30-019C-4CE1-9E53-BB711DA79895}"
EndProject
Global
	GlobalSection(SolutionConfigurationPlatforms) = preSolution
		Debug|Any CPU = Debug|Any CPU
		Release|Any CPU = Release|Any CPU
	EndGlobalSection
	GlobalSection(ProjectConfigurationPlatforms) = postSolution
		{3EB6CC30-019C-4CE1-9E53-BB711DA79895}.Debug|Any CPU.ActiveCfg = Debug|Any CPU
		{3EB6CC30-019C-4CE1-9E53-BB711DA79895}.Debug|Any CPU.Build.0 = Debug|Any CPU
		{3EB6CC30-019C-4CE1-9E53-BB711DA79895}.Release|Any CPU.ActiveCfg = Release|Any CPU
		{3EB6CC30-019C-4CE1-9E53-BB711DA79895}.Release|Any CPU.Build.0 = Release|Any CPU
	EndGlobalSection
	GlobalSection(SolutionProperties) = preSolution
		HideSolutionNode = FALSE
	EndGlobalSection
	GlobalSection(ExtensibilityGlobals) = postSolution
		SolutionGuid = {72249A5A-8780-4D4D-A46E-638DB85E41BF}
	EndGlobalSection
EndGlobal
