
Microsoft Visual Studio Solution File, Format Version 12.00
# Visual Studio 15
VisualStudioVersion = 15.0.28307.329
MinimumVisualStudioVersion = 10.0.40219.1
Project("{FAE04EC0-301F-11D3-BF4B-00C04F79EFBC}") = "Angles", "Angles\Angles.csproj", "{62B9D5A7-D5ED-492A-A24F-17996EB713B2}"
EndProject
Project("{FAE04EC0-301F-11D3-BF4B-00C04F79EFBC}") = "Balls", "..\Balls\Balls\Balls.csproj", "{D38E4BFC-9905-4695-A9A2-5956279BDE5B}"
EndProject
Project("{FAE04EC0-301F-11D3-BF4B-00C04F79EFBC}") = "CircleFallsDown", "..\CircleFallsDown\CircleFallsDown\CircleFallsDown.csproj", "{32033734-F2CF-4C17-942F-FFA6E14C37A4}"
EndProject
Project("{FAE04EC0-301F-11D3-BF4B-00C04F79EFBC}") = "Calculator", "..\CoPrime\CoPrime\Calculator.csproj", "{5DE31BEC-CAD6-43A6-8081-7271F3939D87}"
EndProject
Project("{FAE04EC0-301F-11D3-BF4B-00C04F79EFBC}") = "DayNight", "..\DayNight\DayNight\DayNight.csproj", "{40EEE8A2-D214-4D9B-825E-09E991C2C6C0}"
EndProject
Project("{FAE04EC0-301F-11D3-BF4B-00C04F79EFBC}") = "DrawingCIrcle", "..\DrawingCIrcle\DrawingCIrcle\DrawingCIrcle.csproj", "{BA2258C6-67A0-4D24-ABC9-9A4AFC9474D1}"
EndProject
Project("{FAE04EC0-301F-11D3-BF4B-00C04F79EFBC}") = "MoveCircle", "..\MoveCircle\MoveCircle\MoveCircle.csproj", "{6505A3DA-1AE7-4CDB-B2C3-3733D229EDD6}"
EndProject
Project("{FAE04EC0-301F-11D3-BF4B-00C04F79EFBC}") = "Paint", "..\Paint\Paint\Paint.csproj", "{B3787796-B197-4067-B0EB-03E5DF9D47A8}"
EndProject
Project("{FAE04EC0-301F-11D3-BF4B-00C04F79EFBC}") = "People", "..\People\People\People.csproj", "{82D2EB93-2CD4-4CEF-9B80-C5F95477836B}"
EndProject
Project("{FAE04EC0-301F-11D3-BF4B-00C04F79EFBC}") = "PlanetOrbiting", "..\PlanetOrbiting\PlanetOrbiting\PlanetOrbiting.csproj", "{52624F3C-EA06-4F94-9A48-1351DED43DF8}"
EndProject
Project("{FAE04EC0-301F-11D3-BF4B-00C04F79EFBC}") = "ProgressBar", "..\ProgressBar\ProgressBar\ProgressBar.csproj", "{275F02C6-4524-4A31-ACCD-EB74B28A3BF0}"
EndProject
Project("{FAE04EC0-301F-11D3-BF4B-00C04F79EFBC}") = "Winter", "..\Winter\Winter\Winter.csproj", "{2BE5DA8F-FAA0-43D8-8A9D-1287CCDD1530}"
EndProject
Project("{FAE04EC0-301F-11D3-BF4B-00C04F79EFBC}") = "Week10", "..\..\Week10\Week10\Week10.csproj", "{DAB49216-A476-4214-8884-C036A61E432B}"
EndProject
Project("{FAE04EC0-301F-11D3-BF4B-00C04F79EFBC}") = "Car", "Car\Car.csproj", "{D018465C-D1E8-44BB-99C2-BF57477185BA}"
EndProject
Project("{FAE04EC0-301F-11D3-BF4B-00C04F79EFBC}") = "FallingBall", "FallingBall\FallingBall.csproj", "{EADCE01A-40C6-4161-AD60-2051E568C339}"
EndProject
Project("{FAE04EC0-301F-11D3-BF4B-00C04F79EFBC}") = "MoveOnCircle", "MoveOnCircle\MoveOnCircle.csproj", "{F4B638B7-0205-46AC-940F-2D086C146A39}"
EndProject
Project("{FAE04EC0-301F-11D3-BF4B-00C04F79EFBC}") = "BlueRed", "BlueRed\BlueRed.csproj", "{E6D7548E-3774-402A-9C62-4E7229620324}"
EndProject
Project("{FAE04EC0-301F-11D3-BF4B-00C04F79EFBC}") = "TrafficLights", "..\TrafficLights\TrafficLights\TrafficLights.csproj", "{572E3901-B8D2-4084-91C4-7071E89F7518}"
EndProject
Global
	GlobalSection(SolutionConfigurationPlatforms) = preSolution
		Debug|Any CPU = Debug|Any CPU
		Release|Any CPU = Release|Any CPU
	EndGlobalSection
	GlobalSection(ProjectConfigurationPlatforms) = postSolution
		{62B9D5A7-D5ED-492A-A24F-17996EB713B2}.Debug|Any CPU.ActiveCfg = Debug|Any CPU
		{62B9D5A7-D5ED-492A-A24F-17996EB713B2}.Debug|Any CPU.Build.0 = Debug|Any CPU
		{62B9D5A7-D5ED-492A-A24F-17996EB713B2}.Release|Any CPU.ActiveCfg = Release|Any CPU
		{62B9D5A7-D5ED-492A-A24F-17996EB713B2}.Release|Any CPU.Build.0 = Release|Any CPU
		{D38E4BFC-9905-4695-A9A2-5956279BDE5B}.Debug|Any CPU.ActiveCfg = Debug|Any CPU
		{D38E4BFC-9905-4695-A9A2-5956279BDE5B}.Debug|Any CPU.Build.0 = Debug|Any CPU
		{D38E4BFC-9905-4695-A9A2-5956279BDE5B}.Release|Any CPU.ActiveCfg = Release|Any CPU
		{D38E4BFC-9905-4695-A9A2-5956279BDE5B}.Release|Any CPU.Build.0 = Release|Any CPU
		{32033734-F2CF-4C17-942F-FFA6E14C37A4}.Debug|Any CPU.ActiveCfg = Debug|Any CPU
		{32033734-F2CF-4C17-942F-FFA6E14C37A4}.Debug|Any CPU.Build.0 = Debug|Any CPU
		{32033734-F2CF-4C17-942F-FFA6E14C37A4}.Release|Any CPU.ActiveCfg = Release|Any CPU
		{32033734-F2CF-4C17-942F-FFA6E14C37A4}.Release|Any CPU.Build.0 = Release|Any CPU
		{5DE31BEC-CAD6-43A6-8081-7271F3939D87}.Debug|Any CPU.ActiveCfg = Debug|Any CPU
		{5DE31BEC-CAD6-43A6-8081-7271F3939D87}.Debug|Any CPU.Build.0 = Debug|Any CPU
		{5DE31BEC-CAD6-43A6-8081-7271F3939D87}.Release|Any CPU.ActiveCfg = Release|Any CPU
		{5DE31BEC-CAD6-43A6-8081-7271F3939D87}.Release|Any CPU.Build.0 = Release|Any CPU
		{40EEE8A2-D214-4D9B-825E-09E991C2C6C0}.Debug|Any CPU.ActiveCfg = Debug|Any CPU
		{40EEE8A2-D214-4D9B-825E-09E991C2C6C0}.Debug|Any CPU.Build.0 = Debug|Any CPU
		{40EEE8A2-D214-4D9B-825E-09E991C2C6C0}.Release|Any CPU.ActiveCfg = Release|Any CPU
		{40EEE8A2-D214-4D9B-825E-09E991C2C6C0}.Release|Any CPU.Build.0 = Release|Any CPU
		{BA2258C6-67A0-4D24-ABC9-9A4AFC9474D1}.Debug|Any CPU.ActiveCfg = Debug|Any CPU
		{BA2258C6-67A0-4D24-ABC9-9A4AFC9474D1}.Debug|Any CPU.Build.0 = Debug|Any CPU
		{BA2258C6-67A0-4D24-ABC9-9A4AFC9474D1}.Release|Any CPU.ActiveCfg = Release|Any CPU
		{BA2258C6-67A0-4D24-ABC9-9A4AFC9474D1}.Release|Any CPU.Build.0 = Release|Any CPU
		{6505A3DA-1AE7-4CDB-B2C3-3733D229EDD6}.Debug|Any CPU.ActiveCfg = Debug|Any CPU
		{6505A3DA-1AE7-4CDB-B2C3-3733D229EDD6}.Debug|Any CPU.Build.0 = Debug|Any CPU
		{6505A3DA-1AE7-4CDB-B2C3-3733D229EDD6}.Release|Any CPU.ActiveCfg = Release|Any CPU
		{6505A3DA-1AE7-4CDB-B2C3-3733D229EDD6}.Release|Any CPU.Build.0 = Release|Any CPU
		{B3787796-B197-4067-B0EB-03E5DF9D47A8}.Debug|Any CPU.ActiveCfg = Debug|Any CPU
		{B3787796-B197-4067-B0EB-03E5DF9D47A8}.Debug|Any CPU.Build.0 = Debug|Any CPU
		{B3787796-B197-4067-B0EB-03E5DF9D47A8}.Release|Any CPU.ActiveCfg = Release|Any CPU
		{B3787796-B197-4067-B0EB-03E5DF9D47A8}.Release|Any CPU.Build.0 = Release|Any CPU
		{82D2EB93-2CD4-4CEF-9B80-C5F95477836B}.Debug|Any CPU.ActiveCfg = Debug|Any CPU
		{82D2EB93-2CD4-4CEF-9B80-C5F95477836B}.Debug|Any CPU.Build.0 = Debug|Any CPU
		{82D2EB93-2CD4-4CEF-9B80-C5F95477836B}.Release|Any CPU.ActiveCfg = Release|Any CPU
		{82D2EB93-2CD4-4CEF-9B80-C5F95477836B}.Release|Any CPU.Build.0 = Release|Any CPU
		{52624F3C-EA06-4F94-9A48-1351DED43DF8}.Debug|Any CPU.ActiveCfg = Debug|Any CPU
		{52624F3C-EA06-4F94-9A48-1351DED43DF8}.Debug|Any CPU.Build.0 = Debug|Any CPU
		{52624F3C-EA06-4F94-9A48-1351DED43DF8}.Release|Any CPU.ActiveCfg = Release|Any CPU
		{52624F3C-EA06-4F94-9A48-1351DED43DF8}.Release|Any CPU.Build.0 = Release|Any CPU
		{275F02C6-4524-4A31-ACCD-EB74B28A3BF0}.Debug|Any CPU.ActiveCfg = Debug|Any CPU
		{275F02C6-4524-4A31-ACCD-EB74B28A3BF0}.Debug|Any CPU.Build.0 = Debug|Any CPU
		{275F02C6-4524-4A31-ACCD-EB74B28A3BF0}.Release|Any CPU.ActiveCfg = Release|Any CPU
		{275F02C6-4524-4A31-ACCD-EB74B28A3BF0}.Release|Any CPU.Build.0 = Release|Any CPU
		{2BE5DA8F-FAA0-43D8-8A9D-1287CCDD1530}.Debug|Any CPU.ActiveCfg = Debug|Any CPU
		{2BE5DA8F-FAA0-43D8-8A9D-1287CCDD1530}.Debug|Any CPU.Build.0 = Debug|Any CPU
		{2BE5DA8F-FAA0-43D8-8A9D-1287CCDD1530}.Release|Any CPU.ActiveCfg = Release|Any CPU
		{2BE5DA8F-FAA0-43D8-8A9D-1287CCDD1530}.Release|Any CPU.Build.0 = Release|Any CPU
		{DAB49216-A476-4214-8884-C036A61E432B}.Debug|Any CPU.ActiveCfg = Debug|Any CPU
		{DAB49216-A476-4214-8884-C036A61E432B}.Debug|Any CPU.Build.0 = Debug|Any CPU
		{DAB49216-A476-4214-8884-C036A61E432B}.Release|Any CPU.ActiveCfg = Release|Any CPU
		{DAB49216-A476-4214-8884-C036A61E432B}.Release|Any CPU.Build.0 = Release|Any CPU
		{D018465C-D1E8-44BB-99C2-BF57477185BA}.Debug|Any CPU.ActiveCfg = Debug|Any CPU
		{D018465C-D1E8-44BB-99C2-BF57477185BA}.Debug|Any CPU.Build.0 = Debug|Any CPU
		{D018465C-D1E8-44BB-99C2-BF57477185BA}.Release|Any CPU.ActiveCfg = Release|Any CPU
		{D018465C-D1E8-44BB-99C2-BF57477185BA}.Release|Any CPU.Build.0 = Release|Any CPU
		{EADCE01A-40C6-4161-AD60-2051E568C339}.Debug|Any CPU.ActiveCfg = Debug|Any CPU
		{EADCE01A-40C6-4161-AD60-2051E568C339}.Debug|Any CPU.Build.0 = Debug|Any CPU
		{EADCE01A-40C6-4161-AD60-2051E568C339}.Release|Any CPU.ActiveCfg = Release|Any CPU
		{EADCE01A-40C6-4161-AD60-2051E568C339}.Release|Any CPU.Build.0 = Release|Any CPU
		{F4B638B7-0205-46AC-940F-2D086C146A39}.Debug|Any CPU.ActiveCfg = Debug|Any CPU
		{F4B638B7-0205-46AC-940F-2D086C146A39}.Debug|Any CPU.Build.0 = Debug|Any CPU
		{F4B638B7-0205-46AC-940F-2D086C146A39}.Release|Any CPU.ActiveCfg = Release|Any CPU
		{F4B638B7-0205-46AC-940F-2D086C146A39}.Release|Any CPU.Build.0 = Release|Any CPU
		{E6D7548E-3774-402A-9C62-4E7229620324}.Debug|Any CPU.ActiveCfg = Debug|Any CPU
		{E6D7548E-3774-402A-9C62-4E7229620324}.Debug|Any CPU.Build.0 = Debug|Any CPU
		{E6D7548E-3774-402A-9C62-4E7229620324}.Release|Any CPU.ActiveCfg = Release|Any CPU
		{E6D7548E-3774-402A-9C62-4E7229620324}.Release|Any CPU.Build.0 = Release|Any CPU
		{572E3901-B8D2-4084-91C4-7071E89F7518}.Debug|Any CPU.ActiveCfg = Debug|Any CPU
		{572E3901-B8D2-4084-91C4-7071E89F7518}.Debug|Any CPU.Build.0 = Debug|Any CPU
		{572E3901-B8D2-4084-91C4-7071E89F7518}.Release|Any CPU.ActiveCfg = Release|Any CPU
		{572E3901-B8D2-4084-91C4-7071E89F7518}.Release|Any CPU.Build.0 = Release|Any CPU
	EndGlobalSection
	GlobalSection(SolutionProperties) = preSolution
		HideSolutionNode = FALSE
	EndGlobalSection
	GlobalSection(ExtensibilityGlobals) = postSolution
		SolutionGuid = {EB1A1FBC-05F0-42A4-B4F4-65009BC49E7F}
	EndGlobalSection
EndGlobal
